
Microsoft Visual Studio Solution File, Format Version 12.00
# Visual Studio Express 14 for Windows Desktop
VisualStudioVersion = 14.0.25420.1
MinimumVisualStudioVersion = 10.0.40219.1
Project("{FAE04EC0-301F-11D3-BF4B-00C04F79EFBC}") = "VR_Research_Project", "VR_Research_Project\VR_Research_Project.csproj", "{DAC3AB5F-3BEE-4964-8FC5-BF23DB6CAE78}"
EndProject
Project("{00D1A9C2-B5F0-4AF3-8072-F6C62B433612}") = "ResearchDatabaseProject", "Database_Project\ResearchDatabaseProject\ResearchDatabaseProject.sqlproj", "{AD0D7CC1-128E-4CBD-A0D9-EA36616C1916}"
EndProject
Global
	GlobalSection(SolutionConfigurationPlatforms) = preSolution
		Debug|Any CPU = Debug|Any CPU
		Release|Any CPU = Release|Any CPU
	EndGlobalSection
	GlobalSection(ProjectConfigurationPlatforms) = postSolution
		{DAC3AB5F-3BEE-4964-8FC5-BF23DB6CAE78}.Debug|Any CPU.ActiveCfg = Debug|Any CPU
		{DAC3AB5F-3BEE-4964-8FC5-BF23DB6CAE78}.Debug|Any CPU.Build.0 = Debug|Any CPU
		{DAC3AB5F-3BEE-4964-8FC5-BF23DB6CAE78}.Release|Any CPU.ActiveCfg = Release|Any CPU
		{DAC3AB5F-3BEE-4964-8FC5-BF23DB6CAE78}.Release|Any CPU.Build.0 = Release|Any CPU
		{AD0D7CC1-128E-4CBD-A0D9-EA36616C1916}.Debug|Any CPU.ActiveCfg = Debug|Any CPU
		{AD0D7CC1-128E-4CBD-A0D9-EA36616C1916}.Debug|Any CPU.Build.0 = Debug|Any CPU
		{AD0D7CC1-128E-4CBD-A0D9-EA36616C1916}.Debug|Any CPU.Deploy.0 = Debug|Any CPU
		{AD0D7CC1-128E-4CBD-A0D9-EA36616C1916}.Release|Any CPU.ActiveCfg = Release|Any CPU
		{AD0D7CC1-128E-4CBD-A0D9-EA36616C1916}.Release|Any CPU.Build.0 = Release|Any CPU
		{AD0D7CC1-128E-4CBD-A0D9-EA36616C1916}.Release|Any CPU.Deploy.0 = Release|Any CPU
	EndGlobalSection
	GlobalSection(SolutionProperties) = preSolution
		HideSolutionNode = FALSE
	EndGlobalSection
EndGlobal
